
Microsoft Visual Studio Solution File, Format Version 12.00
# Visual Studio Version 16
VisualStudioVersion = 16.0.30114.105
MinimumVisualStudioVersion = 10.0.40219.1
Project("{2150E333-8FDC-42A3-9474-1A3956D46DE8}") = "src", "src", "{37B477F2-E5A9-470D-A488-25DA0E045039}"
EndProject
Project("{FAE04EC0-301F-11D3-BF4B-00C04F79EFBC}") = "RichDomainStore.Catalog.Data", "src\RichDomainStore.Catalog.Data\RichDomainStore.Catalog.Data.csproj", "{F60A06B4-D86A-431E-98DE-C9353395C5A1}"
EndProject
Project("{FAE04EC0-301F-11D3-BF4B-00C04F79EFBC}") = "RichDomainStore.Catalog.Domain", "src\RichDomainStore.Catalog.Domain\RichDomainStore.Catalog.Domain.csproj", "{DFBDDF89-19BA-4DFE-BC8C-30A712F03ACE}"
EndProject
Project("{FAE04EC0-301F-11D3-BF4B-00C04F79EFBC}") = "RichDomainStore.Catalog.Application", "src\RichDomainStore.Catalog.Application\RichDomainStore.Catalog.Application.csproj", "{035FD007-458F-4EC2-B352-01054B612766}"
EndProject
Project("{2150E333-8FDC-42A3-9474-1A3956D46DE8}") = "tests", "tests", "{0AE3706B-5811-46FF-8BFB-885252717E46}"
EndProject
Project("{FAE04EC0-301F-11D3-BF4B-00C04F79EFBC}") = "RichDomainStore.Sales.Domain", "src\RichDomainStore.Sales.Domain\RichDomainStore.Sales.Domain.csproj", "{995048A0-8BFE-476F-9C67-D11FD8A2BC75}"
EndProject
Project("{FAE04EC0-301F-11D3-BF4B-00C04F79EFBC}") = "RichDomainStore.Sales.Application", "src\RichDomainStore.Sales.Application\RichDomainStore.Sales.Application.csproj", "{27C12A3B-BA12-4EDB-9850-C1AF9F5759BB}"
EndProject
Project("{FAE04EC0-301F-11D3-BF4B-00C04F79EFBC}") = "RichDomainStore.Sales.Data", "src\RichDomainStore.Sales.Data\RichDomainStore.Sales.Data.csproj", "{23DF4691-447B-4D2D-9823-B32525D1A55B}"
EndProject
Project("{FAE04EC0-301F-11D3-BF4B-00C04F79EFBC}") = "RichDomainStore.API", "src\RichDomainStore.API\RichDomainStore.API.csproj", "{78AD0378-CF06-41CC-9837-B63A187F04B5}"
EndProject
Project("{FAE04EC0-301F-11D3-BF4B-00C04F79EFBC}") = "RichDomainStore.Payments.Data", "src\RichDomainStore.Payments.Data\RichDomainStore.Payments.Data.csproj", "{6214F6E1-2824-4B83-804D-DB486794C20A}"
EndProject
Project("{FAE04EC0-301F-11D3-BF4B-00C04F79EFBC}") = "RichDomainStore.Payments.AntiCorruption", "src\RichDomainStore.Payments.AntiCorruption\RichDomainStore.Payments.AntiCorruption.csproj", "{72A150DA-B56D-4532-9DBB-AA9C45542572}"
EndProject
Project("{FAE04EC0-301F-11D3-BF4B-00C04F79EFBC}") = "RichDomainStore.Payments.Business", "src\RichDomainStore.Payments.Business\RichDomainStore.Payments.Business.csproj", "{0B0871B8-72E0-4494-A944-DB73AE63BBD4}"
EndProject
Project("{FAE04EC0-301F-11D3-BF4B-00C04F79EFBC}") = "EventSourcing", "src\EventSourcing\EventSourcing.csproj", "{BE17CAD0-5AAA-4F45-930B-0D278B231AF0}"
EndProject
Project("{FAE04EC0-301F-11D3-BF4B-00C04F79EFBC}") = "RichDomainStore.Sales.UnitTests", "tests\RichDomainStore.Sales.UnitTests\RichDomainStore.Sales.UnitTests.csproj", "{FA1664B5-67F2-4F89-B6E5-7C24CAF087E1}"
EndProject
Project("{FAE04EC0-301F-11D3-BF4B-00C04F79EFBC}") = "RichDomainStore.Catalog.UnitTests", "tests\RichDomainStore.Catalog.UnitTests\RichDomainStore.Catalog.UnitTests.csproj", "{AB80B2CA-351E-4667-AE7F-EDF2606E2066}"
EndProject
Project("{FAE04EC0-301F-11D3-BF4B-00C04F79EFBC}") = "RichDomainStore.API.IntegrationTests", "tests\RichDomainStore.API.IntegrationTests\RichDomainStore.API.IntegrationTests.csproj", "{F7ABD78C-28E6-4561-A115-CC28AEF88631}"
EndProject
Global
	GlobalSection(SolutionConfigurationPlatforms) = preSolution
		Debug|Any CPU = Debug|Any CPU
		Debug|x64 = Debug|x64
		Debug|x86 = Debug|x86
		Release|Any CPU = Release|Any CPU
		Release|x64 = Release|x64
		Release|x86 = Release|x86
	EndGlobalSection
	GlobalSection(SolutionProperties) = preSolution
		HideSolutionNode = FALSE
	EndGlobalSection
	GlobalSection(ProjectConfigurationPlatforms) = postSolution
		{F60A06B4-D86A-431E-98DE-C9353395C5A1}.Debug|Any CPU.ActiveCfg = Debug|Any CPU
		{F60A06B4-D86A-431E-98DE-C9353395C5A1}.Debug|Any CPU.Build.0 = Debug|Any CPU
		{F60A06B4-D86A-431E-98DE-C9353395C5A1}.Debug|x64.ActiveCfg = Debug|Any CPU
		{F60A06B4-D86A-431E-98DE-C9353395C5A1}.Debug|x64.Build.0 = Debug|Any CPU
		{F60A06B4-D86A-431E-98DE-C9353395C5A1}.Debug|x86.ActiveCfg = Debug|Any CPU
		{F60A06B4-D86A-431E-98DE-C9353395C5A1}.Debug|x86.Build.0 = Debug|Any CPU
		{F60A06B4-D86A-431E-98DE-C9353395C5A1}.Release|Any CPU.ActiveCfg = Release|Any CPU
		{F60A06B4-D86A-431E-98DE-C9353395C5A1}.Release|Any CPU.Build.0 = Release|Any CPU
		{F60A06B4-D86A-431E-98DE-C9353395C5A1}.Release|x64.ActiveCfg = Release|Any CPU
		{F60A06B4-D86A-431E-98DE-C9353395C5A1}.Release|x64.Build.0 = Release|Any CPU
		{F60A06B4-D86A-431E-98DE-C9353395C5A1}.Release|x86.ActiveCfg = Release|Any CPU
		{F60A06B4-D86A-431E-98DE-C9353395C5A1}.Release|x86.Build.0 = Release|Any CPU
		{DFBDDF89-19BA-4DFE-BC8C-30A712F03ACE}.Debug|Any CPU.ActiveCfg = Debug|Any CPU
		{DFBDDF89-19BA-4DFE-BC8C-30A712F03ACE}.Debug|Any CPU.Build.0 = Debug|Any CPU
		{DFBDDF89-19BA-4DFE-BC8C-30A712F03ACE}.Debug|x64.ActiveCfg = Debug|Any CPU
		{DFBDDF89-19BA-4DFE-BC8C-30A712F03ACE}.Debug|x64.Build.0 = Debug|Any CPU
		{DFBDDF89-19BA-4DFE-BC8C-30A712F03ACE}.Debug|x86.ActiveCfg = Debug|Any CPU
		{DFBDDF89-19BA-4DFE-BC8C-30A712F03ACE}.Debug|x86.Build.0 = Debug|Any CPU
		{DFBDDF89-19BA-4DFE-BC8C-30A712F03ACE}.Release|Any CPU.ActiveCfg = Release|Any CPU
		{DFBDDF89-19BA-4DFE-BC8C-30A712F03ACE}.Release|Any CPU.Build.0 = Release|Any CPU
		{DFBDDF89-19BA-4DFE-BC8C-30A712F03ACE}.Release|x64.ActiveCfg = Release|Any CPU
		{DFBDDF89-19BA-4DFE-BC8C-30A712F03ACE}.Release|x64.Build.0 = Release|Any CPU
		{DFBDDF89-19BA-4DFE-BC8C-30A712F03ACE}.Release|x86.ActiveCfg = Release|Any CPU
		{DFBDDF89-19BA-4DFE-BC8C-30A712F03ACE}.Release|x86.Build.0 = Release|Any CPU
		{035FD007-458F-4EC2-B352-01054B612766}.Debug|Any CPU.ActiveCfg = Debug|Any CPU
		{035FD007-458F-4EC2-B352-01054B612766}.Debug|Any CPU.Build.0 = Debug|Any CPU
		{035FD007-458F-4EC2-B352-01054B612766}.Debug|x64.ActiveCfg = Debug|Any CPU
		{035FD007-458F-4EC2-B352-01054B612766}.Debug|x64.Build.0 = Debug|Any CPU
		{035FD007-458F-4EC2-B352-01054B612766}.Debug|x86.ActiveCfg = Debug|Any CPU
		{035FD007-458F-4EC2-B352-01054B612766}.Debug|x86.Build.0 = Debug|Any CPU
		{035FD007-458F-4EC2-B352-01054B612766}.Release|Any CPU.ActiveCfg = Release|Any CPU
		{035FD007-458F-4EC2-B352-01054B612766}.Release|Any CPU.Build.0 = Release|Any CPU
		{035FD007-458F-4EC2-B352-01054B612766}.Release|x64.ActiveCfg = Release|Any CPU
		{035FD007-458F-4EC2-B352-01054B612766}.Release|x64.Build.0 = Release|Any CPU
		{035FD007-458F-4EC2-B352-01054B612766}.Release|x86.ActiveCfg = Release|Any CPU
		{035FD007-458F-4EC2-B352-01054B612766}.Release|x86.Build.0 = Release|Any CPU
		{995048A0-8BFE-476F-9C67-D11FD8A2BC75}.Debug|Any CPU.ActiveCfg = Debug|Any CPU
		{995048A0-8BFE-476F-9C67-D11FD8A2BC75}.Debug|Any CPU.Build.0 = Debug|Any CPU
		{995048A0-8BFE-476F-9C67-D11FD8A2BC75}.Debug|x64.ActiveCfg = Debug|Any CPU
		{995048A0-8BFE-476F-9C67-D11FD8A2BC75}.Debug|x64.Build.0 = Debug|Any CPU
		{995048A0-8BFE-476F-9C67-D11FD8A2BC75}.Debug|x86.ActiveCfg = Debug|Any CPU
		{995048A0-8BFE-476F-9C67-D11FD8A2BC75}.Debug|x86.Build.0 = Debug|Any CPU
		{995048A0-8BFE-476F-9C67-D11FD8A2BC75}.Release|Any CPU.ActiveCfg = Release|Any CPU
		{995048A0-8BFE-476F-9C67-D11FD8A2BC75}.Release|Any CPU.Build.0 = Release|Any CPU
		{995048A0-8BFE-476F-9C67-D11FD8A2BC75}.Release|x64.ActiveCfg = Release|Any CPU
		{995048A0-8BFE-476F-9C67-D11FD8A2BC75}.Release|x64.Build.0 = Release|Any CPU
		{995048A0-8BFE-476F-9C67-D11FD8A2BC75}.Release|x86.ActiveCfg = Release|Any CPU
		{995048A0-8BFE-476F-9C67-D11FD8A2BC75}.Release|x86.Build.0 = Release|Any CPU
		{27C12A3B-BA12-4EDB-9850-C1AF9F5759BB}.Debug|Any CPU.ActiveCfg = Debug|Any CPU
		{27C12A3B-BA12-4EDB-9850-C1AF9F5759BB}.Debug|Any CPU.Build.0 = Debug|Any CPU
		{27C12A3B-BA12-4EDB-9850-C1AF9F5759BB}.Debug|x64.ActiveCfg = Debug|Any CPU
		{27C12A3B-BA12-4EDB-9850-C1AF9F5759BB}.Debug|x64.Build.0 = Debug|Any CPU
		{27C12A3B-BA12-4EDB-9850-C1AF9F5759BB}.Debug|x86.ActiveCfg = Debug|Any CPU
		{27C12A3B-BA12-4EDB-9850-C1AF9F5759BB}.Debug|x86.Build.0 = Debug|Any CPU
		{27C12A3B-BA12-4EDB-9850-C1AF9F5759BB}.Release|Any CPU.ActiveCfg = Release|Any CPU
		{27C12A3B-BA12-4EDB-9850-C1AF9F5759BB}.Release|Any CPU.Build.0 = Release|Any CPU
		{27C12A3B-BA12-4EDB-9850-C1AF9F5759BB}.Release|x64.ActiveCfg = Release|Any CPU
		{27C12A3B-BA12-4EDB-9850-C1AF9F5759BB}.Release|x64.Build.0 = Release|Any CPU
		{27C12A3B-BA12-4EDB-9850-C1AF9F5759BB}.Release|x86.ActiveCfg = Release|Any CPU
		{27C12A3B-BA12-4EDB-9850-C1AF9F5759BB}.Release|x86.Build.0 = Release|Any CPU
		{23DF4691-447B-4D2D-9823-B32525D1A55B}.Debug|Any CPU.ActiveCfg = Debug|Any CPU
		{23DF4691-447B-4D2D-9823-B32525D1A55B}.Debug|Any CPU.Build.0 = Debug|Any CPU
		{23DF4691-447B-4D2D-9823-B32525D1A55B}.Debug|x64.ActiveCfg = Debug|Any CPU
		{23DF4691-447B-4D2D-9823-B32525D1A55B}.Debug|x64.Build.0 = Debug|Any CPU
		{23DF4691-447B-4D2D-9823-B32525D1A55B}.Debug|x86.ActiveCfg = Debug|Any CPU
		{23DF4691-447B-4D2D-9823-B32525D1A55B}.Debug|x86.Build.0 = Debug|Any CPU
		{23DF4691-447B-4D2D-9823-B32525D1A55B}.Release|Any CPU.ActiveCfg = Release|Any CPU
		{23DF4691-447B-4D2D-9823-B32525D1A55B}.Release|Any CPU.Build.0 = Release|Any CPU
		{23DF4691-447B-4D2D-9823-B32525D1A55B}.Release|x64.ActiveCfg = Release|Any CPU
		{23DF4691-447B-4D2D-9823-B32525D1A55B}.Release|x64.Build.0 = Release|Any CPU
		{23DF4691-447B-4D2D-9823-B32525D1A55B}.Release|x86.ActiveCfg = Release|Any CPU
		{23DF4691-447B-4D2D-9823-B32525D1A55B}.Release|x86.Build.0 = Release|Any CPU
		{78AD0378-CF06-41CC-9837-B63A187F04B5}.Debug|Any CPU.ActiveCfg = Debug|Any CPU
		{78AD0378-CF06-41CC-9837-B63A187F04B5}.Debug|Any CPU.Build.0 = Debug|Any CPU
		{78AD0378-CF06-41CC-9837-B63A187F04B5}.Debug|x64.ActiveCfg = Debug|Any CPU
		{78AD0378-CF06-41CC-9837-B63A187F04B5}.Debug|x64.Build.0 = Debug|Any CPU
		{78AD0378-CF06-41CC-9837-B63A187F04B5}.Debug|x86.ActiveCfg = Debug|Any CPU
		{78AD0378-CF06-41CC-9837-B63A187F04B5}.Debug|x86.Build.0 = Debug|Any CPU
		{78AD0378-CF06-41CC-9837-B63A187F04B5}.Release|Any CPU.ActiveCfg = Release|Any CPU
		{78AD0378-CF06-41CC-9837-B63A187F04B5}.Release|Any CPU.Build.0 = Release|Any CPU
		{78AD0378-CF06-41CC-9837-B63A187F04B5}.Release|x64.ActiveCfg = Release|Any CPU
		{78AD0378-CF06-41CC-9837-B63A187F04B5}.Release|x64.Build.0 = Release|Any CPU
		{78AD0378-CF06-41CC-9837-B63A187F04B5}.Release|x86.ActiveCfg = Release|Any CPU
		{78AD0378-CF06-41CC-9837-B63A187F04B5}.Release|x86.Build.0 = Release|Any CPU
		{6214F6E1-2824-4B83-804D-DB486794C20A}.Debug|Any CPU.ActiveCfg = Debug|Any CPU
		{6214F6E1-2824-4B83-804D-DB486794C20A}.Debug|Any CPU.Build.0 = Debug|Any CPU
		{6214F6E1-2824-4B83-804D-DB486794C20A}.Debug|x64.ActiveCfg = Debug|Any CPU
		{6214F6E1-2824-4B83-804D-DB486794C20A}.Debug|x64.Build.0 = Debug|Any CPU
		{6214F6E1-2824-4B83-804D-DB486794C20A}.Debug|x86.ActiveCfg = Debug|Any CPU
		{6214F6E1-2824-4B83-804D-DB486794C20A}.Debug|x86.Build.0 = Debug|Any CPU
		{6214F6E1-2824-4B83-804D-DB486794C20A}.Release|Any CPU.ActiveCfg = Release|Any CPU
		{6214F6E1-2824-4B83-804D-DB486794C20A}.Release|Any CPU.Build.0 = Release|Any CPU
		{6214F6E1-2824-4B83-804D-DB486794C20A}.Release|x64.ActiveCfg = Release|Any CPU
		{6214F6E1-2824-4B83-804D-DB486794C20A}.Release|x64.Build.0 = Release|Any CPU
		{6214F6E1-2824-4B83-804D-DB486794C20A}.Release|x86.ActiveCfg = Release|Any CPU
		{6214F6E1-2824-4B83-804D-DB486794C20A}.Release|x86.Build.0 = Release|Any CPU
		{72A150DA-B56D-4532-9DBB-AA9C45542572}.Debug|Any CPU.ActiveCfg = Debug|Any CPU
		{72A150DA-B56D-4532-9DBB-AA9C45542572}.Debug|Any CPU.Build.0 = Debug|Any CPU
		{72A150DA-B56D-4532-9DBB-AA9C45542572}.Debug|x64.ActiveCfg = Debug|Any CPU
		{72A150DA-B56D-4532-9DBB-AA9C45542572}.Debug|x64.Build.0 = Debug|Any CPU
		{72A150DA-B56D-4532-9DBB-AA9C45542572}.Debug|x86.ActiveCfg = Debug|Any CPU
		{72A150DA-B56D-4532-9DBB-AA9C45542572}.Debug|x86.Build.0 = Debug|Any CPU
		{72A150DA-B56D-4532-9DBB-AA9C45542572}.Release|Any CPU.ActiveCfg = Release|Any CPU
		{72A150DA-B56D-4532-9DBB-AA9C45542572}.Release|Any CPU.Build.0 = Release|Any CPU
		{72A150DA-B56D-4532-9DBB-AA9C45542572}.Release|x64.ActiveCfg = Release|Any CPU
		{72A150DA-B56D-4532-9DBB-AA9C45542572}.Release|x64.Build.0 = Release|Any CPU
		{72A150DA-B56D-4532-9DBB-AA9C45542572}.Release|x86.ActiveCfg = Release|Any CPU
		{72A150DA-B56D-4532-9DBB-AA9C45542572}.Release|x86.Build.0 = Release|Any CPU
		{0B0871B8-72E0-4494-A944-DB73AE63BBD4}.Debug|Any CPU.ActiveCfg = Debug|Any CPU
		{0B0871B8-72E0-4494-A944-DB73AE63BBD4}.Debug|Any CPU.Build.0 = Debug|Any CPU
		{0B0871B8-72E0-4494-A944-DB73AE63BBD4}.Debug|x64.ActiveCfg = Debug|Any CPU
		{0B0871B8-72E0-4494-A944-DB73AE63BBD4}.Debug|x64.Build.0 = Debug|Any CPU
		{0B0871B8-72E0-4494-A944-DB73AE63BBD4}.Debug|x86.ActiveCfg = Debug|Any CPU
		{0B0871B8-72E0-4494-A944-DB73AE63BBD4}.Debug|x86.Build.0 = Debug|Any CPU
		{0B0871B8-72E0-4494-A944-DB73AE63BBD4}.Release|Any CPU.ActiveCfg = Release|Any CPU
		{0B0871B8-72E0-4494-A944-DB73AE63BBD4}.Release|Any CPU.Build.0 = Release|Any CPU
		{0B0871B8-72E0-4494-A944-DB73AE63BBD4}.Release|x64.ActiveCfg = Release|Any CPU
		{0B0871B8-72E0-4494-A944-DB73AE63BBD4}.Release|x64.Build.0 = Release|Any CPU
		{0B0871B8-72E0-4494-A944-DB73AE63BBD4}.Release|x86.ActiveCfg = Release|Any CPU
		{0B0871B8-72E0-4494-A944-DB73AE63BBD4}.Release|x86.Build.0 = Release|Any CPU
		{BE17CAD0-5AAA-4F45-930B-0D278B231AF0}.Debug|Any CPU.ActiveCfg = Debug|Any CPU
		{BE17CAD0-5AAA-4F45-930B-0D278B231AF0}.Debug|Any CPU.Build.0 = Debug|Any CPU
		{BE17CAD0-5AAA-4F45-930B-0D278B231AF0}.Debug|x64.ActiveCfg = Debug|Any CPU
		{BE17CAD0-5AAA-4F45-930B-0D278B231AF0}.Debug|x64.Build.0 = Debug|Any CPU
		{BE17CAD0-5AAA-4F45-930B-0D278B231AF0}.Debug|x86.ActiveCfg = Debug|Any CPU
		{BE17CAD0-5AAA-4F45-930B-0D278B231AF0}.Debug|x86.Build.0 = Debug|Any CPU
		{BE17CAD0-5AAA-4F45-930B-0D278B231AF0}.Release|Any CPU.ActiveCfg = Release|Any CPU
		{BE17CAD0-5AAA-4F45-930B-0D278B231AF0}.Release|Any CPU.Build.0 = Release|Any CPU
		{BE17CAD0-5AAA-4F45-930B-0D278B231AF0}.Release|x64.ActiveCfg = Release|Any CPU
		{BE17CAD0-5AAA-4F45-930B-0D278B231AF0}.Release|x64.Build.0 = Release|Any CPU
		{BE17CAD0-5AAA-4F45-930B-0D278B231AF0}.Release|x86.ActiveCfg = Release|Any CPU
		{BE17CAD0-5AAA-4F45-930B-0D278B231AF0}.Release|x86.Build.0 = Release|Any CPU
		{FA1664B5-67F2-4F89-B6E5-7C24CAF087E1}.Debug|Any CPU.ActiveCfg = Debug|Any CPU
		{FA1664B5-67F2-4F89-B6E5-7C24CAF087E1}.Debug|Any CPU.Build.0 = Debug|Any CPU
		{FA1664B5-67F2-4F89-B6E5-7C24CAF087E1}.Debug|x64.ActiveCfg = Debug|Any CPU
		{FA1664B5-67F2-4F89-B6E5-7C24CAF087E1}.Debug|x64.Build.0 = Debug|Any CPU
		{FA1664B5-67F2-4F89-B6E5-7C24CAF087E1}.Debug|x86.ActiveCfg = Debug|Any CPU
		{FA1664B5-67F2-4F89-B6E5-7C24CAF087E1}.Debug|x86.Build.0 = Debug|Any CPU
		{FA1664B5-67F2-4F89-B6E5-7C24CAF087E1}.Release|Any CPU.ActiveCfg = Release|Any CPU
		{FA1664B5-67F2-4F89-B6E5-7C24CAF087E1}.Release|Any CPU.Build.0 = Release|Any CPU
		{FA1664B5-67F2-4F89-B6E5-7C24CAF087E1}.Release|x64.ActiveCfg = Release|Any CPU
		{FA1664B5-67F2-4F89-B6E5-7C24CAF087E1}.Release|x64.Build.0 = Release|Any CPU
		{FA1664B5-67F2-4F89-B6E5-7C24CAF087E1}.Release|x86.ActiveCfg = Release|Any CPU
		{FA1664B5-67F2-4F89-B6E5-7C24CAF087E1}.Release|x86.Build.0 = Release|Any CPU
		{AB80B2CA-351E-4667-AE7F-EDF2606E2066}.Debug|Any CPU.ActiveCfg = Debug|Any CPU
		{AB80B2CA-351E-4667-AE7F-EDF2606E2066}.Debug|Any CPU.Build.0 = Debug|Any CPU
		{AB80B2CA-351E-4667-AE7F-EDF2606E2066}.Debug|x64.ActiveCfg = Debug|Any CPU
		{AB80B2CA-351E-4667-AE7F-EDF2606E2066}.Debug|x64.Build.0 = Debug|Any CPU
		{AB80B2CA-351E-4667-AE7F-EDF2606E2066}.Debug|x86.ActiveCfg = Debug|Any CPU
		{AB80B2CA-351E-4667-AE7F-EDF2606E2066}.Debug|x86.Build.0 = Debug|Any CPU
		{AB80B2CA-351E-4667-AE7F-EDF2606E2066}.Release|Any CPU.ActiveCfg = Release|Any CPU
		{AB80B2CA-351E-4667-AE7F-EDF2606E2066}.Release|Any CPU.Build.0 = Release|Any CPU
		{AB80B2CA-351E-4667-AE7F-EDF2606E2066}.Release|x64.ActiveCfg = Release|Any CPU
		{AB80B2CA-351E-4667-AE7F-EDF2606E2066}.Release|x64.Build.0 = Release|Any CPU
		{AB80B2CA-351E-4667-AE7F-EDF2606E2066}.Release|x86.ActiveCfg = Release|Any CPU
		{AB80B2CA-351E-4667-AE7F-EDF2606E2066}.Release|x86.Build.0 = Release|Any CPU
		{F7ABD78C-28E6-4561-A115-CC28AEF88631}.Debug|Any CPU.ActiveCfg = Debug|Any CPU
		{F7ABD78C-28E6-4561-A115-CC28AEF88631}.Debug|Any CPU.Build.0 = Debug|Any CPU
		{F7ABD78C-28E6-4561-A115-CC28AEF88631}.Debug|x64.ActiveCfg = Debug|Any CPU
		{F7ABD78C-28E6-4561-A115-CC28AEF88631}.Debug|x64.Build.0 = Debug|Any CPU
		{F7ABD78C-28E6-4561-A115-CC28AEF88631}.Debug|x86.ActiveCfg = Debug|Any CPU
		{F7ABD78C-28E6-4561-A115-CC28AEF88631}.Debug|x86.Build.0 = Debug|Any CPU
		{F7ABD78C-28E6-4561-A115-CC28AEF88631}.Release|Any CPU.ActiveCfg = Release|Any CPU
		{F7ABD78C-28E6-4561-A115-CC28AEF88631}.Release|Any CPU.Build.0 = Release|Any CPU
		{F7ABD78C-28E6-4561-A115-CC28AEF88631}.Release|x64.ActiveCfg = Release|Any CPU
		{F7ABD78C-28E6-4561-A115-CC28AEF88631}.Release|x64.Build.0 = Release|Any CPU
		{F7ABD78C-28E6-4561-A115-CC28AEF88631}.Release|x86.ActiveCfg = Release|Any CPU
		{F7ABD78C-28E6-4561-A115-CC28AEF88631}.Release|x86.Build.0 = Release|Any CPU
	EndGlobalSection
	GlobalSection(NestedProjects) = preSolution
		{F60A06B4-D86A-431E-98DE-C9353395C5A1} = {37B477F2-E5A9-470D-A488-25DA0E045039}
		{DFBDDF89-19BA-4DFE-BC8C-30A712F03ACE} = {37B477F2-E5A9-470D-A488-25DA0E045039}
		{035FD007-458F-4EC2-B352-01054B612766} = {37B477F2-E5A9-470D-A488-25DA0E045039}
		{995048A0-8BFE-476F-9C67-D11FD8A2BC75} = {37B477F2-E5A9-470D-A488-25DA0E045039}
		{27C12A3B-BA12-4EDB-9850-C1AF9F5759BB} = {37B477F2-E5A9-470D-A488-25DA0E045039}
		{23DF4691-447B-4D2D-9823-B32525D1A55B} = {37B477F2-E5A9-470D-A488-25DA0E045039}
		{78AD0378-CF06-41CC-9837-B63A187F04B5} = {37B477F2-E5A9-470D-A488-25DA0E045039}
		{6214F6E1-2824-4B83-804D-DB486794C20A} = {37B477F2-E5A9-470D-A488-25DA0E045039}
		{72A150DA-B56D-4532-9DBB-AA9C45542572} = {37B477F2-E5A9-470D-A488-25DA0E045039}
		{0B0871B8-72E0-4494-A944-DB73AE63BBD4} = {37B477F2-E5A9-470D-A488-25DA0E045039}
		{BE17CAD0-5AAA-4F45-930B-0D278B231AF0} = {37B477F2-E5A9-470D-A488-25DA0E045039}
		{FA1664B5-67F2-4F89-B6E5-7C24CAF087E1} = {0AE3706B-5811-46FF-8BFB-885252717E46}
		{AB80B2CA-351E-4667-AE7F-EDF2606E2066} = {0AE3706B-5811-46FF-8BFB-885252717E46}
		{F7ABD78C-28E6-4561-A115-CC28AEF88631} = {0AE3706B-5811-46FF-8BFB-885252717E46}
	EndGlobalSection
EndGlobal
