
Microsoft Visual Studio Solution File, Format Version 12.00
# Visual Studio Version 16
VisualStudioVersion = 16.0.30114.105
MinimumVisualStudioVersion = 10.0.40219.1
Project("{2150E333-8FDC-42A3-9474-1A3956D46DE8}") = "src", "src", "{37B477F2-E5A9-470D-A488-25DA0E045039}"
EndProject
Project("{FAE04EC0-301F-11D3-BF4B-00C04F79EFBC}") = "RichDomainStore.Catalog.API", "src\RichDomainStore.Catalog.API\RichDomainStore.Catalog.API.csproj", "{B499C434-EE1B-4079-949B-B2C21B1712D0}"
EndProject
Project("{FAE04EC0-301F-11D3-BF4B-00C04F79EFBC}") = "RichDomainStore.Catalog.Data", "src\RichDomainStore.Catalog.Data\RichDomainStore.Catalog.Data.csproj", "{F60A06B4-D86A-431E-98DE-C9353395C5A1}"
EndProject
Project("{FAE04EC0-301F-11D3-BF4B-00C04F79EFBC}") = "RichDomainStore.Catalog.Domain", "src\RichDomainStore.Catalog.Domain\RichDomainStore.Catalog.Domain.csproj", "{DFBDDF89-19BA-4DFE-BC8C-30A712F03ACE}"
EndProject
Project("{FAE04EC0-301F-11D3-BF4B-00C04F79EFBC}") = "RichDomainStore.Catalog.Application", "src\RichDomainStore.Catalog.Application\RichDomainStore.Catalog.Application.csproj", "{035FD007-458F-4EC2-B352-01054B612766}"
EndProject
Project("{2150E333-8FDC-42A3-9474-1A3956D46DE8}") = "tests", "tests", "{0AE3706B-5811-46FF-8BFB-885252717E46}"
EndProject
Project("{FAE04EC0-301F-11D3-BF4B-00C04F79EFBC}") = "RichDomainStore.Catalog.Domain.Tests", "tests\RichDomainStore.Catalog.Domain.Tests\RichDomainStore.Catalog.Domain.Tests.csproj", "{0C21E30F-E911-4FA5-80D5-983370CEC409}"
EndProject
Project("{FAE04EC0-301F-11D3-BF4B-00C04F79EFBC}") = "RichDomainStore.Sales.Domain", "src\RichDomainStore.Sales.Domain\RichDomainStore.Sales.Domain.csproj", "{995048A0-8BFE-476F-9C67-D11FD8A2BC75}"
EndProject
Project("{FAE04EC0-301F-11D3-BF4B-00C04F79EFBC}") = "RichDomainStore.Sales.Application", "src\RichDomainStore.Sales.Application\RichDomainStore.Sales.Application.csproj", "{27C12A3B-BA12-4EDB-9850-C1AF9F5759BB}"
EndProject
Project("{FAE04EC0-301F-11D3-BF4B-00C04F79EFBC}") = "RichDomainStore.Sales.Data", "src\RichDomainStore.Sales.Data\RichDomainStore.Sales.Data.csproj", "{23DF4691-447B-4D2D-9823-B32525D1A55B}"
EndProject
Global
	GlobalSection(SolutionConfigurationPlatforms) = preSolution
		Debug|Any CPU = Debug|Any CPU
		Debug|x64 = Debug|x64
		Debug|x86 = Debug|x86
		Release|Any CPU = Release|Any CPU
		Release|x64 = Release|x64
		Release|x86 = Release|x86
	EndGlobalSection
	GlobalSection(SolutionProperties) = preSolution
		HideSolutionNode = FALSE
	EndGlobalSection
	GlobalSection(ProjectConfigurationPlatforms) = postSolution
		{B499C434-EE1B-4079-949B-B2C21B1712D0}.Debug|Any CPU.ActiveCfg = Debug|Any CPU
		{B499C434-EE1B-4079-949B-B2C21B1712D0}.Debug|Any CPU.Build.0 = Debug|Any CPU
		{B499C434-EE1B-4079-949B-B2C21B1712D0}.Debug|x64.ActiveCfg = Debug|Any CPU
		{B499C434-EE1B-4079-949B-B2C21B1712D0}.Debug|x64.Build.0 = Debug|Any CPU
		{B499C434-EE1B-4079-949B-B2C21B1712D0}.Debug|x86.ActiveCfg = Debug|Any CPU
		{B499C434-EE1B-4079-949B-B2C21B1712D0}.Debug|x86.Build.0 = Debug|Any CPU
		{B499C434-EE1B-4079-949B-B2C21B1712D0}.Release|Any CPU.ActiveCfg = Release|Any CPU
		{B499C434-EE1B-4079-949B-B2C21B1712D0}.Release|Any CPU.Build.0 = Release|Any CPU
		{B499C434-EE1B-4079-949B-B2C21B1712D0}.Release|x64.ActiveCfg = Release|Any CPU
		{B499C434-EE1B-4079-949B-B2C21B1712D0}.Release|x64.Build.0 = Release|Any CPU
		{B499C434-EE1B-4079-949B-B2C21B1712D0}.Release|x86.ActiveCfg = Release|Any CPU
		{B499C434-EE1B-4079-949B-B2C21B1712D0}.Release|x86.Build.0 = Release|Any CPU
		{F60A06B4-D86A-431E-98DE-C9353395C5A1}.Debug|Any CPU.ActiveCfg = Debug|Any CPU
		{F60A06B4-D86A-431E-98DE-C9353395C5A1}.Debug|Any CPU.Build.0 = Debug|Any CPU
		{F60A06B4-D86A-431E-98DE-C9353395C5A1}.Debug|x64.ActiveCfg = Debug|Any CPU
		{F60A06B4-D86A-431E-98DE-C9353395C5A1}.Debug|x64.Build.0 = Debug|Any CPU
		{F60A06B4-D86A-431E-98DE-C9353395C5A1}.Debug|x86.ActiveCfg = Debug|Any CPU
		{F60A06B4-D86A-431E-98DE-C9353395C5A1}.Debug|x86.Build.0 = Debug|Any CPU
		{F60A06B4-D86A-431E-98DE-C9353395C5A1}.Release|Any CPU.ActiveCfg = Release|Any CPU
		{F60A06B4-D86A-431E-98DE-C9353395C5A1}.Release|Any CPU.Build.0 = Release|Any CPU
		{F60A06B4-D86A-431E-98DE-C9353395C5A1}.Release|x64.ActiveCfg = Release|Any CPU
		{F60A06B4-D86A-431E-98DE-C9353395C5A1}.Release|x64.Build.0 = Release|Any CPU
		{F60A06B4-D86A-431E-98DE-C9353395C5A1}.Release|x86.ActiveCfg = Release|Any CPU
		{F60A06B4-D86A-431E-98DE-C9353395C5A1}.Release|x86.Build.0 = Release|Any CPU
		{DFBDDF89-19BA-4DFE-BC8C-30A712F03ACE}.Debug|Any CPU.ActiveCfg = Debug|Any CPU
		{DFBDDF89-19BA-4DFE-BC8C-30A712F03ACE}.Debug|Any CPU.Build.0 = Debug|Any CPU
		{DFBDDF89-19BA-4DFE-BC8C-30A712F03ACE}.Debug|x64.ActiveCfg = Debug|Any CPU
		{DFBDDF89-19BA-4DFE-BC8C-30A712F03ACE}.Debug|x64.Build.0 = Debug|Any CPU
		{DFBDDF89-19BA-4DFE-BC8C-30A712F03ACE}.Debug|x86.ActiveCfg = Debug|Any CPU
		{DFBDDF89-19BA-4DFE-BC8C-30A712F03ACE}.Debug|x86.Build.0 = Debug|Any CPU
		{DFBDDF89-19BA-4DFE-BC8C-30A712F03ACE}.Release|Any CPU.ActiveCfg = Release|Any CPU
		{DFBDDF89-19BA-4DFE-BC8C-30A712F03ACE}.Release|Any CPU.Build.0 = Release|Any CPU
		{DFBDDF89-19BA-4DFE-BC8C-30A712F03ACE}.Release|x64.ActiveCfg = Release|Any CPU
		{DFBDDF89-19BA-4DFE-BC8C-30A712F03ACE}.Release|x64.Build.0 = Release|Any CPU
		{DFBDDF89-19BA-4DFE-BC8C-30A712F03ACE}.Release|x86.ActiveCfg = Release|Any CPU
		{DFBDDF89-19BA-4DFE-BC8C-30A712F03ACE}.Release|x86.Build.0 = Release|Any CPU
		{035FD007-458F-4EC2-B352-01054B612766}.Debug|Any CPU.ActiveCfg = Debug|Any CPU
		{035FD007-458F-4EC2-B352-01054B612766}.Debug|Any CPU.Build.0 = Debug|Any CPU
		{035FD007-458F-4EC2-B352-01054B612766}.Debug|x64.ActiveCfg = Debug|Any CPU
		{035FD007-458F-4EC2-B352-01054B612766}.Debug|x64.Build.0 = Debug|Any CPU
		{035FD007-458F-4EC2-B352-01054B612766}.Debug|x86.ActiveCfg = Debug|Any CPU
		{035FD007-458F-4EC2-B352-01054B612766}.Debug|x86.Build.0 = Debug|Any CPU
		{035FD007-458F-4EC2-B352-01054B612766}.Release|Any CPU.ActiveCfg = Release|Any CPU
		{035FD007-458F-4EC2-B352-01054B612766}.Release|Any CPU.Build.0 = Release|Any CPU
		{035FD007-458F-4EC2-B352-01054B612766}.Release|x64.ActiveCfg = Release|Any CPU
		{035FD007-458F-4EC2-B352-01054B612766}.Release|x64.Build.0 = Release|Any CPU
		{035FD007-458F-4EC2-B352-01054B612766}.Release|x86.ActiveCfg = Release|Any CPU
		{035FD007-458F-4EC2-B352-01054B612766}.Release|x86.Build.0 = Release|Any CPU
		{0C21E30F-E911-4FA5-80D5-983370CEC409}.Debug|Any CPU.ActiveCfg = Debug|Any CPU
		{0C21E30F-E911-4FA5-80D5-983370CEC409}.Debug|Any CPU.Build.0 = Debug|Any CPU
		{0C21E30F-E911-4FA5-80D5-983370CEC409}.Debug|x64.ActiveCfg = Debug|Any CPU
		{0C21E30F-E911-4FA5-80D5-983370CEC409}.Debug|x64.Build.0 = Debug|Any CPU
		{0C21E30F-E911-4FA5-80D5-983370CEC409}.Debug|x86.ActiveCfg = Debug|Any CPU
		{0C21E30F-E911-4FA5-80D5-983370CEC409}.Debug|x86.Build.0 = Debug|Any CPU
		{0C21E30F-E911-4FA5-80D5-983370CEC409}.Release|Any CPU.ActiveCfg = Release|Any CPU
		{0C21E30F-E911-4FA5-80D5-983370CEC409}.Release|Any CPU.Build.0 = Release|Any CPU
		{0C21E30F-E911-4FA5-80D5-983370CEC409}.Release|x64.ActiveCfg = Release|Any CPU
		{0C21E30F-E911-4FA5-80D5-983370CEC409}.Release|x64.Build.0 = Release|Any CPU
		{0C21E30F-E911-4FA5-80D5-983370CEC409}.Release|x86.ActiveCfg = Release|Any CPU
		{0C21E30F-E911-4FA5-80D5-983370CEC409}.Release|x86.Build.0 = Release|Any CPU
		{995048A0-8BFE-476F-9C67-D11FD8A2BC75}.Debug|Any CPU.ActiveCfg = Debug|Any CPU
		{995048A0-8BFE-476F-9C67-D11FD8A2BC75}.Debug|Any CPU.Build.0 = Debug|Any CPU
		{995048A0-8BFE-476F-9C67-D11FD8A2BC75}.Debug|x64.ActiveCfg = Debug|Any CPU
		{995048A0-8BFE-476F-9C67-D11FD8A2BC75}.Debug|x64.Build.0 = Debug|Any CPU
		{995048A0-8BFE-476F-9C67-D11FD8A2BC75}.Debug|x86.ActiveCfg = Debug|Any CPU
		{995048A0-8BFE-476F-9C67-D11FD8A2BC75}.Debug|x86.Build.0 = Debug|Any CPU
		{995048A0-8BFE-476F-9C67-D11FD8A2BC75}.Release|Any CPU.ActiveCfg = Release|Any CPU
		{995048A0-8BFE-476F-9C67-D11FD8A2BC75}.Release|Any CPU.Build.0 = Release|Any CPU
		{995048A0-8BFE-476F-9C67-D11FD8A2BC75}.Release|x64.ActiveCfg = Release|Any CPU
		{995048A0-8BFE-476F-9C67-D11FD8A2BC75}.Release|x64.Build.0 = Release|Any CPU
		{995048A0-8BFE-476F-9C67-D11FD8A2BC75}.Release|x86.ActiveCfg = Release|Any CPU
		{995048A0-8BFE-476F-9C67-D11FD8A2BC75}.Release|x86.Build.0 = Release|Any CPU
		{27C12A3B-BA12-4EDB-9850-C1AF9F5759BB}.Debug|Any CPU.ActiveCfg = Debug|Any CPU
		{27C12A3B-BA12-4EDB-9850-C1AF9F5759BB}.Debug|Any CPU.Build.0 = Debug|Any CPU
		{27C12A3B-BA12-4EDB-9850-C1AF9F5759BB}.Debug|x64.ActiveCfg = Debug|Any CPU
		{27C12A3B-BA12-4EDB-9850-C1AF9F5759BB}.Debug|x64.Build.0 = Debug|Any CPU
		{27C12A3B-BA12-4EDB-9850-C1AF9F5759BB}.Debug|x86.ActiveCfg = Debug|Any CPU
		{27C12A3B-BA12-4EDB-9850-C1AF9F5759BB}.Debug|x86.Build.0 = Debug|Any CPU
		{27C12A3B-BA12-4EDB-9850-C1AF9F5759BB}.Release|Any CPU.ActiveCfg = Release|Any CPU
		{27C12A3B-BA12-4EDB-9850-C1AF9F5759BB}.Release|Any CPU.Build.0 = Release|Any CPU
		{27C12A3B-BA12-4EDB-9850-C1AF9F5759BB}.Release|x64.ActiveCfg = Release|Any CPU
		{27C12A3B-BA12-4EDB-9850-C1AF9F5759BB}.Release|x64.Build.0 = Release|Any CPU
		{27C12A3B-BA12-4EDB-9850-C1AF9F5759BB}.Release|x86.ActiveCfg = Release|Any CPU
		{27C12A3B-BA12-4EDB-9850-C1AF9F5759BB}.Release|x86.Build.0 = Release|Any CPU
		{23DF4691-447B-4D2D-9823-B32525D1A55B}.Debug|Any CPU.ActiveCfg = Debug|Any CPU
		{23DF4691-447B-4D2D-9823-B32525D1A55B}.Debug|Any CPU.Build.0 = Debug|Any CPU
		{23DF4691-447B-4D2D-9823-B32525D1A55B}.Debug|x64.ActiveCfg = Debug|Any CPU
		{23DF4691-447B-4D2D-9823-B32525D1A55B}.Debug|x64.Build.0 = Debug|Any CPU
		{23DF4691-447B-4D2D-9823-B32525D1A55B}.Debug|x86.ActiveCfg = Debug|Any CPU
		{23DF4691-447B-4D2D-9823-B32525D1A55B}.Debug|x86.Build.0 = Debug|Any CPU
		{23DF4691-447B-4D2D-9823-B32525D1A55B}.Release|Any CPU.ActiveCfg = Release|Any CPU
		{23DF4691-447B-4D2D-9823-B32525D1A55B}.Release|Any CPU.Build.0 = Release|Any CPU
		{23DF4691-447B-4D2D-9823-B32525D1A55B}.Release|x64.ActiveCfg = Release|Any CPU
		{23DF4691-447B-4D2D-9823-B32525D1A55B}.Release|x64.Build.0 = Release|Any CPU
		{23DF4691-447B-4D2D-9823-B32525D1A55B}.Release|x86.ActiveCfg = Release|Any CPU
		{23DF4691-447B-4D2D-9823-B32525D1A55B}.Release|x86.Build.0 = Release|Any CPU
	EndGlobalSection
	GlobalSection(NestedProjects) = preSolution
		{B499C434-EE1B-4079-949B-B2C21B1712D0} = {37B477F2-E5A9-470D-A488-25DA0E045039}
		{F60A06B4-D86A-431E-98DE-C9353395C5A1} = {37B477F2-E5A9-470D-A488-25DA0E045039}
		{DFBDDF89-19BA-4DFE-BC8C-30A712F03ACE} = {37B477F2-E5A9-470D-A488-25DA0E045039}
		{035FD007-458F-4EC2-B352-01054B612766} = {37B477F2-E5A9-470D-A488-25DA0E045039}
		{0C21E30F-E911-4FA5-80D5-983370CEC409} = {0AE3706B-5811-46FF-8BFB-885252717E46}
		{995048A0-8BFE-476F-9C67-D11FD8A2BC75} = {37B477F2-E5A9-470D-A488-25DA0E045039}
		{27C12A3B-BA12-4EDB-9850-C1AF9F5759BB} = {37B477F2-E5A9-470D-A488-25DA0E045039}
		{23DF4691-447B-4D2D-9823-B32525D1A55B} = {37B477F2-E5A9-470D-A488-25DA0E045039}
	EndGlobalSection
EndGlobal
