
Microsoft Visual Studio Solution File, Format Version 12.00
# Visual Studio Version 16
VisualStudioVersion = 16.0.30114.105
MinimumVisualStudioVersion = 10.0.40219.1
Project("{2150E333-8FDC-42A3-9474-1A3956D46DE8}") = "src", "src", "{73F3C749-CB5E-4913-8F27-CF357D59B893}"
EndProject
Project("{2150E333-8FDC-42A3-9474-1A3956D46DE8}") = "Services", "Services", "{CD159B9F-4A9D-420A-9CD1-30F0A95ED1B2}"
EndProject
Project("{2150E333-8FDC-42A3-9474-1A3956D46DE8}") = "Catalog", "Catalog", "{1AB6E594-A43A-4553-ACEA-755585D025FF}"
EndProject
Project("{FAE04EC0-301F-11D3-BF4B-00C04F79EFBC}") = "RichDomainStore.Catalog.Domain", "src\Services\Catalog\RichDomainStore.Catalog.Domain\RichDomainStore.Catalog.Domain.csproj", "{357D443B-C2F4-4CC8-8F7C-2DABC0A020EA}"
EndProject
Project("{2150E333-8FDC-42A3-9474-1A3956D46DE8}") = "Core", "Core", "{7FD993D1-9C25-4F41-94D4-8360B0EDCBFD}"
EndProject
Project("{FAE04EC0-301F-11D3-BF4B-00C04F79EFBC}") = "RichDomainStore.Core", "src\Services\Core\RichDomainStore.Core\RichDomainStore.Core.csproj", "{3E130E10-60B9-48C0-9A28-DABFCB1DA0FB}"
EndProject
Project("{2150E333-8FDC-42A3-9474-1A3956D46DE8}") = "tests", "tests", "{4CC595DD-B1A7-4FB1-9FE0-07278FB1B099}"
EndProject
Project("{FAE04EC0-301F-11D3-BF4B-00C04F79EFBC}") = "RichDomainStore.Catalog.Domain.Tests", "tests\RichDomainStore.Catalog.Domain.Tests\RichDomainStore.Catalog.Domain.Tests.csproj", "{2C8C804B-D504-4207-94A3-4336C7159CBE}"
EndProject
Project("{FAE04EC0-301F-11D3-BF4B-00C04F79EFBC}") = "RichDomainStore.Catalog.Domain", "src\RichDomainStore.Catalog.Domain\RichDomainStore.Catalog.Domain.csproj", "{201F5A4A-993C-4306-9E08-5AE2AFF1FF2E}"
EndProject
Project("{FAE04EC0-301F-11D3-BF4B-00C04F79EFBC}") = "RichDomainStore.Core", "src\RichDomainStore.Core\RichDomainStore.Core.csproj", "{BEECE679-4002-4FE8-B290-8263ED5A29F0}"
EndProject
Project("{FAE04EC0-301F-11D3-BF4B-00C04F79EFBC}") = "RichDomainStore.Catalog.Data", "src\RichDomainStore.Catalog.Data\RichDomainStore.Catalog.Data.csproj", "{F90ECC26-8DD4-44BC-BF70-53BEB2394CE4}"
EndProject
Project("{FAE04EC0-301F-11D3-BF4B-00C04F79EFBC}") = "RichDomainStore.Catalog.Application", "src\RichDomainStore.Catalog.Application\RichDomainStore.Catalog.Application.csproj", "{71367574-F67A-4C38-890C-86E1D3760F39}"
EndProject
Global
	GlobalSection(SolutionConfigurationPlatforms) = preSolution
		Debug|Any CPU = Debug|Any CPU
		Debug|x64 = Debug|x64
		Debug|x86 = Debug|x86
		Release|Any CPU = Release|Any CPU
		Release|x64 = Release|x64
		Release|x86 = Release|x86
	EndGlobalSection
	GlobalSection(SolutionProperties) = preSolution
		HideSolutionNode = FALSE
	EndGlobalSection
	GlobalSection(ProjectConfigurationPlatforms) = postSolution
		{357D443B-C2F4-4CC8-8F7C-2DABC0A020EA}.Debug|Any CPU.ActiveCfg = Debug|Any CPU
		{357D443B-C2F4-4CC8-8F7C-2DABC0A020EA}.Debug|Any CPU.Build.0 = Debug|Any CPU
		{357D443B-C2F4-4CC8-8F7C-2DABC0A020EA}.Debug|x64.ActiveCfg = Debug|Any CPU
		{357D443B-C2F4-4CC8-8F7C-2DABC0A020EA}.Debug|x64.Build.0 = Debug|Any CPU
		{357D443B-C2F4-4CC8-8F7C-2DABC0A020EA}.Debug|x86.ActiveCfg = Debug|Any CPU
		{357D443B-C2F4-4CC8-8F7C-2DABC0A020EA}.Debug|x86.Build.0 = Debug|Any CPU
		{357D443B-C2F4-4CC8-8F7C-2DABC0A020EA}.Release|Any CPU.ActiveCfg = Release|Any CPU
		{357D443B-C2F4-4CC8-8F7C-2DABC0A020EA}.Release|Any CPU.Build.0 = Release|Any CPU
		{357D443B-C2F4-4CC8-8F7C-2DABC0A020EA}.Release|x64.ActiveCfg = Release|Any CPU
		{357D443B-C2F4-4CC8-8F7C-2DABC0A020EA}.Release|x64.Build.0 = Release|Any CPU
		{357D443B-C2F4-4CC8-8F7C-2DABC0A020EA}.Release|x86.ActiveCfg = Release|Any CPU
		{357D443B-C2F4-4CC8-8F7C-2DABC0A020EA}.Release|x86.Build.0 = Release|Any CPU
		{3E130E10-60B9-48C0-9A28-DABFCB1DA0FB}.Debug|Any CPU.ActiveCfg = Debug|Any CPU
		{3E130E10-60B9-48C0-9A28-DABFCB1DA0FB}.Debug|Any CPU.Build.0 = Debug|Any CPU
		{3E130E10-60B9-48C0-9A28-DABFCB1DA0FB}.Debug|x64.ActiveCfg = Debug|Any CPU
		{3E130E10-60B9-48C0-9A28-DABFCB1DA0FB}.Debug|x64.Build.0 = Debug|Any CPU
		{3E130E10-60B9-48C0-9A28-DABFCB1DA0FB}.Debug|x86.ActiveCfg = Debug|Any CPU
		{3E130E10-60B9-48C0-9A28-DABFCB1DA0FB}.Debug|x86.Build.0 = Debug|Any CPU
		{3E130E10-60B9-48C0-9A28-DABFCB1DA0FB}.Release|Any CPU.ActiveCfg = Release|Any CPU
		{3E130E10-60B9-48C0-9A28-DABFCB1DA0FB}.Release|Any CPU.Build.0 = Release|Any CPU
		{3E130E10-60B9-48C0-9A28-DABFCB1DA0FB}.Release|x64.ActiveCfg = Release|Any CPU
		{3E130E10-60B9-48C0-9A28-DABFCB1DA0FB}.Release|x64.Build.0 = Release|Any CPU
		{3E130E10-60B9-48C0-9A28-DABFCB1DA0FB}.Release|x86.ActiveCfg = Release|Any CPU
		{3E130E10-60B9-48C0-9A28-DABFCB1DA0FB}.Release|x86.Build.0 = Release|Any CPU
		{2C8C804B-D504-4207-94A3-4336C7159CBE}.Debug|Any CPU.ActiveCfg = Debug|Any CPU
		{2C8C804B-D504-4207-94A3-4336C7159CBE}.Debug|Any CPU.Build.0 = Debug|Any CPU
		{2C8C804B-D504-4207-94A3-4336C7159CBE}.Debug|x64.ActiveCfg = Debug|Any CPU
		{2C8C804B-D504-4207-94A3-4336C7159CBE}.Debug|x64.Build.0 = Debug|Any CPU
		{2C8C804B-D504-4207-94A3-4336C7159CBE}.Debug|x86.ActiveCfg = Debug|Any CPU
		{2C8C804B-D504-4207-94A3-4336C7159CBE}.Debug|x86.Build.0 = Debug|Any CPU
		{2C8C804B-D504-4207-94A3-4336C7159CBE}.Release|Any CPU.ActiveCfg = Release|Any CPU
		{2C8C804B-D504-4207-94A3-4336C7159CBE}.Release|Any CPU.Build.0 = Release|Any CPU
		{2C8C804B-D504-4207-94A3-4336C7159CBE}.Release|x64.ActiveCfg = Release|Any CPU
		{2C8C804B-D504-4207-94A3-4336C7159CBE}.Release|x64.Build.0 = Release|Any CPU
		{2C8C804B-D504-4207-94A3-4336C7159CBE}.Release|x86.ActiveCfg = Release|Any CPU
		{2C8C804B-D504-4207-94A3-4336C7159CBE}.Release|x86.Build.0 = Release|Any CPU
		{201F5A4A-993C-4306-9E08-5AE2AFF1FF2E}.Debug|Any CPU.ActiveCfg = Debug|Any CPU
		{201F5A4A-993C-4306-9E08-5AE2AFF1FF2E}.Debug|Any CPU.Build.0 = Debug|Any CPU
		{201F5A4A-993C-4306-9E08-5AE2AFF1FF2E}.Debug|x64.ActiveCfg = Debug|Any CPU
		{201F5A4A-993C-4306-9E08-5AE2AFF1FF2E}.Debug|x64.Build.0 = Debug|Any CPU
		{201F5A4A-993C-4306-9E08-5AE2AFF1FF2E}.Debug|x86.ActiveCfg = Debug|Any CPU
		{201F5A4A-993C-4306-9E08-5AE2AFF1FF2E}.Debug|x86.Build.0 = Debug|Any CPU
		{201F5A4A-993C-4306-9E08-5AE2AFF1FF2E}.Release|Any CPU.ActiveCfg = Release|Any CPU
		{201F5A4A-993C-4306-9E08-5AE2AFF1FF2E}.Release|Any CPU.Build.0 = Release|Any CPU
		{201F5A4A-993C-4306-9E08-5AE2AFF1FF2E}.Release|x64.ActiveCfg = Release|Any CPU
		{201F5A4A-993C-4306-9E08-5AE2AFF1FF2E}.Release|x64.Build.0 = Release|Any CPU
		{201F5A4A-993C-4306-9E08-5AE2AFF1FF2E}.Release|x86.ActiveCfg = Release|Any CPU
		{201F5A4A-993C-4306-9E08-5AE2AFF1FF2E}.Release|x86.Build.0 = Release|Any CPU
		{BEECE679-4002-4FE8-B290-8263ED5A29F0}.Debug|Any CPU.ActiveCfg = Debug|Any CPU
		{BEECE679-4002-4FE8-B290-8263ED5A29F0}.Debug|Any CPU.Build.0 = Debug|Any CPU
		{BEECE679-4002-4FE8-B290-8263ED5A29F0}.Debug|x64.ActiveCfg = Debug|Any CPU
		{BEECE679-4002-4FE8-B290-8263ED5A29F0}.Debug|x64.Build.0 = Debug|Any CPU
		{BEECE679-4002-4FE8-B290-8263ED5A29F0}.Debug|x86.ActiveCfg = Debug|Any CPU
		{BEECE679-4002-4FE8-B290-8263ED5A29F0}.Debug|x86.Build.0 = Debug|Any CPU
		{BEECE679-4002-4FE8-B290-8263ED5A29F0}.Release|Any CPU.ActiveCfg = Release|Any CPU
		{BEECE679-4002-4FE8-B290-8263ED5A29F0}.Release|Any CPU.Build.0 = Release|Any CPU
		{BEECE679-4002-4FE8-B290-8263ED5A29F0}.Release|x64.ActiveCfg = Release|Any CPU
		{BEECE679-4002-4FE8-B290-8263ED5A29F0}.Release|x64.Build.0 = Release|Any CPU
		{BEECE679-4002-4FE8-B290-8263ED5A29F0}.Release|x86.ActiveCfg = Release|Any CPU
		{BEECE679-4002-4FE8-B290-8263ED5A29F0}.Release|x86.Build.0 = Release|Any CPU
		{F90ECC26-8DD4-44BC-BF70-53BEB2394CE4}.Debug|Any CPU.ActiveCfg = Debug|Any CPU
		{F90ECC26-8DD4-44BC-BF70-53BEB2394CE4}.Debug|Any CPU.Build.0 = Debug|Any CPU
		{F90ECC26-8DD4-44BC-BF70-53BEB2394CE4}.Debug|x64.ActiveCfg = Debug|Any CPU
		{F90ECC26-8DD4-44BC-BF70-53BEB2394CE4}.Debug|x64.Build.0 = Debug|Any CPU
		{F90ECC26-8DD4-44BC-BF70-53BEB2394CE4}.Debug|x86.ActiveCfg = Debug|Any CPU
		{F90ECC26-8DD4-44BC-BF70-53BEB2394CE4}.Debug|x86.Build.0 = Debug|Any CPU
		{F90ECC26-8DD4-44BC-BF70-53BEB2394CE4}.Release|Any CPU.ActiveCfg = Release|Any CPU
		{F90ECC26-8DD4-44BC-BF70-53BEB2394CE4}.Release|Any CPU.Build.0 = Release|Any CPU
		{F90ECC26-8DD4-44BC-BF70-53BEB2394CE4}.Release|x64.ActiveCfg = Release|Any CPU
		{F90ECC26-8DD4-44BC-BF70-53BEB2394CE4}.Release|x64.Build.0 = Release|Any CPU
		{F90ECC26-8DD4-44BC-BF70-53BEB2394CE4}.Release|x86.ActiveCfg = Release|Any CPU
		{F90ECC26-8DD4-44BC-BF70-53BEB2394CE4}.Release|x86.Build.0 = Release|Any CPU
		{71367574-F67A-4C38-890C-86E1D3760F39}.Debug|Any CPU.ActiveCfg = Debug|Any CPU
		{71367574-F67A-4C38-890C-86E1D3760F39}.Debug|Any CPU.Build.0 = Debug|Any CPU
		{71367574-F67A-4C38-890C-86E1D3760F39}.Debug|x64.ActiveCfg = Debug|Any CPU
		{71367574-F67A-4C38-890C-86E1D3760F39}.Debug|x64.Build.0 = Debug|Any CPU
		{71367574-F67A-4C38-890C-86E1D3760F39}.Debug|x86.ActiveCfg = Debug|Any CPU
		{71367574-F67A-4C38-890C-86E1D3760F39}.Debug|x86.Build.0 = Debug|Any CPU
		{71367574-F67A-4C38-890C-86E1D3760F39}.Release|Any CPU.ActiveCfg = Release|Any CPU
		{71367574-F67A-4C38-890C-86E1D3760F39}.Release|Any CPU.Build.0 = Release|Any CPU
		{71367574-F67A-4C38-890C-86E1D3760F39}.Release|x64.ActiveCfg = Release|Any CPU
		{71367574-F67A-4C38-890C-86E1D3760F39}.Release|x64.Build.0 = Release|Any CPU
		{71367574-F67A-4C38-890C-86E1D3760F39}.Release|x86.ActiveCfg = Release|Any CPU
		{71367574-F67A-4C38-890C-86E1D3760F39}.Release|x86.Build.0 = Release|Any CPU
	EndGlobalSection
	GlobalSection(NestedProjects) = preSolution
		{CD159B9F-4A9D-420A-9CD1-30F0A95ED1B2} = {73F3C749-CB5E-4913-8F27-CF357D59B893}
		{1AB6E594-A43A-4553-ACEA-755585D025FF} = {CD159B9F-4A9D-420A-9CD1-30F0A95ED1B2}
		{357D443B-C2F4-4CC8-8F7C-2DABC0A020EA} = {1AB6E594-A43A-4553-ACEA-755585D025FF}
		{7FD993D1-9C25-4F41-94D4-8360B0EDCBFD} = {CD159B9F-4A9D-420A-9CD1-30F0A95ED1B2}
		{3E130E10-60B9-48C0-9A28-DABFCB1DA0FB} = {7FD993D1-9C25-4F41-94D4-8360B0EDCBFD}
		{2C8C804B-D504-4207-94A3-4336C7159CBE} = {4CC595DD-B1A7-4FB1-9FE0-07278FB1B099}
		{201F5A4A-993C-4306-9E08-5AE2AFF1FF2E} = {73F3C749-CB5E-4913-8F27-CF357D59B893}
		{BEECE679-4002-4FE8-B290-8263ED5A29F0} = {73F3C749-CB5E-4913-8F27-CF357D59B893}
		{F90ECC26-8DD4-44BC-BF70-53BEB2394CE4} = {73F3C749-CB5E-4913-8F27-CF357D59B893}
		{71367574-F67A-4C38-890C-86E1D3760F39} = {73F3C749-CB5E-4913-8F27-CF357D59B893}
	EndGlobalSection
EndGlobal
